// !$*UTF8*$!
{
	archiveVersion = 1;
	classes = {
	};
	objectVersion = 50;
	objects = {

/* Begin PBXBuildFile section */
		051CE6DE2282F639007C64CC /* KODialogMainView.swift in Sources */ = {isa = PBXBuildFile; fileRef = 051CE6DD2282F639007C64CC /* KODialogMainView.swift */; };
		051D173022F22AB200F259C6 /* KODialogBarViewTests.swift in Sources */ = {isa = PBXBuildFile; fileRef = 051D172F22F22AB200F259C6 /* KODialogBarViewTests.swift */; };
		052099E4214FEC8600603A5D /* Assets.xcassets in Resources */ = {isa = PBXBuildFile; fileRef = 052099E3214FEC8600603A5D /* Assets.xcassets */; };
		05251CBD213FEA5400CA9EF3 /* KOEdgesConstraintsInsets.swift in Sources */ = {isa = PBXBuildFile; fileRef = 05251CBC213FEA5400CA9EF3 /* KOEdgesConstraintsInsets.swift */; };
		052842962397109E00ECE23E /* UIColor+Theme.swift in Sources */ = {isa = PBXBuildFile; fileRef = 052842952397109E00ECE23E /* UIColor+Theme.swift */; };
		053ED24A21162C2E0016ABC4 /* KOControls.h in Headers */ = {isa = PBXBuildFile; fileRef = 053ED24821162C2E0016ABC4 /* KOControls.h */; settings = {ATTRIBUTES = (Public, ); }; };
		053ED28C211638950016ABC4 /* KOErrorInfoView.swift in Sources */ = {isa = PBXBuildFile; fileRef = 053ED28B211638950016ABC4 /* KOErrorInfoView.swift */; };
		0546FCA622704A5000EE7236 /* KOAnimator.swift in Sources */ = {isa = PBXBuildFile; fileRef = 0546FCA522704A5000EE7236 /* KOAnimator.swift */; };
		055190B122EE3A2C00B745BC /* KOPickerViewControllerTests.swift in Sources */ = {isa = PBXBuildFile; fileRef = 055190B022EE3A2C00B745BC /* KOPickerViewControllerTests.swift */; };
		0555086122D61C2D0061B4E9 /* KOControlErrorInfoFeatureTests.swift in Sources */ = {isa = PBXBuildFile; fileRef = 0555086022D61C2D0061B4E9 /* KOControlErrorInfoFeatureTests.swift */; };
		0555086322D6289F0061B4E9 /* XCTestCase+Extension.swift in Sources */ = {isa = PBXBuildFile; fileRef = 0555086222D6289F0061B4E9 /* XCTestCase+Extension.swift */; };
		0566A6AA213E75D900E87518 /* KOConstraints.swift in Sources */ = {isa = PBXBuildFile; fileRef = 0566A6A9213E75D900E87518 /* KOConstraints.swift */; };
		056DBB7622F967EF0003223B /* KODialogMainViewTests.swift in Sources */ = {isa = PBXBuildFile; fileRef = 056DBB7522F967EF0003223B /* KODialogMainViewTests.swift */; };
		058529592151161100FA36DE /* KOPopoverSettings.swift in Sources */ = {isa = PBXBuildFile; fileRef = 058529582151161100FA36DE /* KOPopoverSettings.swift */; };
		0585295B2151164000FA36DE /* UIViewController+Extensions.swift in Sources */ = {isa = PBXBuildFile; fileRef = 0585295A2151164000FA36DE /* UIViewController+Extensions.swift */; };
		058E7E3922D48B3000208252 /* KOControlErrorFeatureTests.swift in Sources */ = {isa = PBXBuildFile; fileRef = 058E7E3822D48B3000208252 /* KOControlErrorFeatureTests.swift */; };
		058E7E3B22D492ED00208252 /* WindowSimulator.swift in Sources */ = {isa = PBXBuildFile; fileRef = 058E7E3A22D492ED00208252 /* WindowSimulator.swift */; };
		0594562A22DDFE9D0082CCB7 /* KOTouchForwardingViewTests.swift in Sources */ = {isa = PBXBuildFile; fileRef = 0594562922DDFE9D0082CCB7 /* KOTouchForwardingViewTests.swift */; };
		0594562E22DE080B0082CCB7 /* KOPropertyObserverTests.swift in Sources */ = {isa = PBXBuildFile; fileRef = 0594562D22DE080B0082CCB7 /* KOPropertyObserverTests.swift */; };
		0594563022DE0AE60082CCB7 /* KOScrollOffsetProgressControllerTests.swift in Sources */ = {isa = PBXBuildFile; fileRef = 0594562F22DE0AE60082CCB7 /* KOScrollOffsetProgressControllerTests.swift */; };
		0595A2F422818D7A00C4DFB4 /* KOAnimatedTransitioningController.swift in Sources */ = {isa = PBXBuildFile; fileRef = 0595A2F322818D7A00C4DFB4 /* KOAnimatedTransitioningController.swift */; };
		0595A2F622818E0900C4DFB4 /* KODimmingPresentationController.swift in Sources */ = {isa = PBXBuildFile; fileRef = 0595A2F522818E0900C4DFB4 /* KODimmingPresentationController.swift */; };
		0595A7D222FA175D00244CEA /* Measurement+Extension.swift in Sources */ = {isa = PBXBuildFile; fileRef = 0595A7D122FA175D00244CEA /* Measurement+Extension.swift */; };
		05A121F1227DF2D8000739D6 /* KOTextField.swift in Sources */ = {isa = PBXBuildFile; fileRef = 05A121F0227DF2D8000739D6 /* KOTextField.swift */; };
		05A121F3227DF372000739D6 /* KOControlErrorFeature.swift in Sources */ = {isa = PBXBuildFile; fileRef = 05A121F2227DF372000739D6 /* KOControlErrorFeature.swift */; };
		05A121F5227DFC27000739D6 /* KOControlErrorInfoFeature.swift in Sources */ = {isa = PBXBuildFile; fileRef = 05A121F4227DFC27000739D6 /* KOControlErrorInfoFeature.swift */; };
		05A121F7227E1BF6000739D6 /* KOControlValidationFeature.swift in Sources */ = {isa = PBXBuildFile; fileRef = 05A121F6227E1BF6000739D6 /* KOControlValidationFeature.swift */; };
		05ADEECD22D744C30042A47F /* KOTextFieldTests.swift in Sources */ = {isa = PBXBuildFile; fileRef = 05ADEECC22D744C30042A47F /* KOTextFieldTests.swift */; };
		05B4DF8A21674E05002556B9 /* KOAnimation.swift in Sources */ = {isa = PBXBuildFile; fileRef = 05B4DF8921674E05002556B9 /* KOAnimation.swift */; };
		05BBDE2522DC62B500841A3D /* KOPresentationQueuesServiceTests.swift in Sources */ = {isa = PBXBuildFile; fileRef = 05BBDE2422DC62B500841A3D /* KOPresentationQueuesServiceTests.swift */; };
		05BBDE2722DC82E500841A3D /* ViewControllerSimulator.swift in Sources */ = {isa = PBXBuildFile; fileRef = 05BBDE2622DC82E500841A3D /* ViewControllerSimulator.swift */; };
		05CBB2BF213D325F00EE6264 /* KODialogViewController.swift in Sources */ = {isa = PBXBuildFile; fileRef = 05CBB2BE213D325F00EE6264 /* KODialogViewController.swift */; };
		05CCFDCE21256B4F00208BD5 /* KOScrollOffsetProgressController.swift in Sources */ = {isa = PBXBuildFile; fileRef = 05CCFDCD21256B4E00208BD5 /* KOScrollOffsetProgressController.swift */; };
		05CD3798217F53C200E8EEB4 /* KOPropertyObserver.swift in Sources */ = {isa = PBXBuildFile; fileRef = 05CD3797217F53C200E8EEB4 /* KOPropertyObserver.swift */; };
		05CDF65A227EDBF5005D82A0 /* KOControlBorderFeature.swift in Sources */ = {isa = PBXBuildFile; fileRef = 05CDF659227EDBF5005D82A0 /* KOControlBorderFeature.swift */; };
		05CE5527211DAF47003EDD66 /* KOPresentationQueuesService.swift in Sources */ = {isa = PBXBuildFile; fileRef = 05CE5526211DAF47003EDD66 /* KOPresentationQueuesService.swift */; };
		05DB455322E71DA000BC97AF /* PanGestureRecognizerSimulator.swift in Sources */ = {isa = PBXBuildFile; fileRef = 05DB455222E71DA000BC97AF /* PanGestureRecognizerSimulator.swift */; };
		05DB455622E7270000BC97AF /* KODialogViewControllerTests.swift in Sources */ = {isa = PBXBuildFile; fileRef = 05DB455522E7270000BC97AF /* KODialogViewControllerTests.swift */; };
		05E2B4CC22D3518D00E7F75A /* KOControls.framework in Frameworks */ = {isa = PBXBuildFile; fileRef = 053ED24521162C2E0016ABC4 /* KOControls.framework */; };
		05E2B4D522D351DF00E7F75A /* KOControlBorderFeatureTests.swift in Sources */ = {isa = PBXBuildFile; fileRef = 05E2B4D422D351DF00E7F75A /* KOControlBorderFeatureTests.swift */; };
		05E2B4D722D35D0100E7F75A /* KOControlValidationFeatureTests.swift in Sources */ = {isa = PBXBuildFile; fileRef = 05E2B4D622D35D0100E7F75A /* KOControlValidationFeatureTests.swift */; };
		05E2B4DA22D3648200E7F75A /* FirstResponderSimulatorView.swift in Sources */ = {isa = PBXBuildFile; fileRef = 05E2B4D922D3648200E7F75A /* FirstResponderSimulatorView.swift */; };
		05E40302214A8E58004AB4A4 /* KOTransition.swift in Sources */ = {isa = PBXBuildFile; fileRef = 05E40301214A8E58004AB4A4 /* KOTransition.swift */; };
		05E40304214A9156004AB4A4 /* KODialogBarView.swift in Sources */ = {isa = PBXBuildFile; fileRef = 05E40303214A9156004AB4A4 /* KODialogBarView.swift */; };
		05E464CB216E28A900AE504D /* KOTouchForwardingView.swift in Sources */ = {isa = PBXBuildFile; fileRef = 05E464CA216E28A900AE504D /* KOTouchForwardingView.swift */; };
		05FD48E3214122390092A3A3 /* KOPickerViewController.swift in Sources */ = {isa = PBXBuildFile; fileRef = 05FD48E2214122390092A3A3 /* KOPickerViewController.swift */; };
/* End PBXBuildFile section */

/* Begin PBXContainerItemProxy section */
		05E2B4CD22D3518D00E7F75A /* PBXContainerItemProxy */ = {
			isa = PBXContainerItemProxy;
			containerPortal = 053ED23C21162C2E0016ABC4 /* Project object */;
			proxyType = 1;
			remoteGlobalIDString = 053ED24421162C2E0016ABC4;
			remoteInfo = KOControls;
		};
/* End PBXContainerItemProxy section */

/* Begin PBXFileReference section */
		051CE6DD2282F639007C64CC /* KODialogMainView.swift */ = {isa = PBXFileReference; lastKnownFileType = sourcecode.swift; path = KODialogMainView.swift; sourceTree = "<group>"; };
		051D172F22F22AB200F259C6 /* KODialogBarViewTests.swift */ = {isa = PBXFileReference; lastKnownFileType = sourcecode.swift; path = KODialogBarViewTests.swift; sourceTree = "<group>"; };
		052099E3214FEC8600603A5D /* Assets.xcassets */ = {isa = PBXFileReference; lastKnownFileType = folder.assetcatalog; path = Assets.xcassets; sourceTree = "<group>"; };
		05251CBC213FEA5400CA9EF3 /* KOEdgesConstraintsInsets.swift */ = {isa = PBXFileReference; lastKnownFileType = sourcecode.swift; path = KOEdgesConstraintsInsets.swift; sourceTree = "<group>"; };
		052842952397109E00ECE23E /* UIColor+Theme.swift */ = {isa = PBXFileReference; lastKnownFileType = sourcecode.swift; path = "UIColor+Theme.swift"; sourceTree = "<group>"; };
		053ED24521162C2E0016ABC4 /* KOControls.framework */ = {isa = PBXFileReference; explicitFileType = wrapper.framework; includeInIndex = 0; path = KOControls.framework; sourceTree = BUILT_PRODUCTS_DIR; };
		053ED24821162C2E0016ABC4 /* KOControls.h */ = {isa = PBXFileReference; lastKnownFileType = sourcecode.c.h; path = KOControls.h; sourceTree = "<group>"; };
		053ED24921162C2E0016ABC4 /* Info.plist */ = {isa = PBXFileReference; lastKnownFileType = text.plist.xml; path = Info.plist; sourceTree = "<group>"; };
		053ED28B211638950016ABC4 /* KOErrorInfoView.swift */ = {isa = PBXFileReference; lastKnownFileType = sourcecode.swift; path = KOErrorInfoView.swift; sourceTree = "<group>"; };
		0546FCA522704A5000EE7236 /* KOAnimator.swift */ = {isa = PBXFileReference; lastKnownFileType = sourcecode.swift; path = KOAnimator.swift; sourceTree = "<group>"; };
		055190B022EE3A2C00B745BC /* KOPickerViewControllerTests.swift */ = {isa = PBXFileReference; lastKnownFileType = sourcecode.swift; path = KOPickerViewControllerTests.swift; sourceTree = "<group>"; };
		0555086022D61C2D0061B4E9 /* KOControlErrorInfoFeatureTests.swift */ = {isa = PBXFileReference; lastKnownFileType = sourcecode.swift; path = KOControlErrorInfoFeatureTests.swift; sourceTree = "<group>"; };
		0555086222D6289F0061B4E9 /* XCTestCase+Extension.swift */ = {isa = PBXFileReference; lastKnownFileType = sourcecode.swift; path = "XCTestCase+Extension.swift"; sourceTree = "<group>"; };
		0566A6A9213E75D900E87518 /* KOConstraints.swift */ = {isa = PBXFileReference; lastKnownFileType = sourcecode.swift; path = KOConstraints.swift; sourceTree = "<group>"; };
		056DBB7522F967EF0003223B /* KODialogMainViewTests.swift */ = {isa = PBXFileReference; lastKnownFileType = sourcecode.swift; path = KODialogMainViewTests.swift; sourceTree = "<group>"; };
		058529582151161100FA36DE /* KOPopoverSettings.swift */ = {isa = PBXFileReference; lastKnownFileType = sourcecode.swift; path = KOPopoverSettings.swift; sourceTree = "<group>"; };
		0585295A2151164000FA36DE /* UIViewController+Extensions.swift */ = {isa = PBXFileReference; lastKnownFileType = sourcecode.swift; path = "UIViewController+Extensions.swift"; sourceTree = "<group>"; };
		058E7E3822D48B3000208252 /* KOControlErrorFeatureTests.swift */ = {isa = PBXFileReference; lastKnownFileType = sourcecode.swift; path = KOControlErrorFeatureTests.swift; sourceTree = "<group>"; };
		058E7E3A22D492ED00208252 /* WindowSimulator.swift */ = {isa = PBXFileReference; lastKnownFileType = sourcecode.swift; path = WindowSimulator.swift; sourceTree = "<group>"; };
		0594562922DDFE9D0082CCB7 /* KOTouchForwardingViewTests.swift */ = {isa = PBXFileReference; lastKnownFileType = sourcecode.swift; path = KOTouchForwardingViewTests.swift; sourceTree = "<group>"; };
		0594562D22DE080B0082CCB7 /* KOPropertyObserverTests.swift */ = {isa = PBXFileReference; lastKnownFileType = sourcecode.swift; path = KOPropertyObserverTests.swift; sourceTree = "<group>"; };
		0594562F22DE0AE60082CCB7 /* KOScrollOffsetProgressControllerTests.swift */ = {isa = PBXFileReference; lastKnownFileType = sourcecode.swift; path = KOScrollOffsetProgressControllerTests.swift; sourceTree = "<group>"; };
		0595A2F322818D7A00C4DFB4 /* KOAnimatedTransitioningController.swift */ = {isa = PBXFileReference; lastKnownFileType = sourcecode.swift; path = KOAnimatedTransitioningController.swift; sourceTree = "<group>"; };
		0595A2F522818E0900C4DFB4 /* KODimmingPresentationController.swift */ = {isa = PBXFileReference; lastKnownFileType = sourcecode.swift; path = KODimmingPresentationController.swift; sourceTree = "<group>"; };
		0595A7D122FA175D00244CEA /* Measurement+Extension.swift */ = {isa = PBXFileReference; lastKnownFileType = sourcecode.swift; path = "Measurement+Extension.swift"; sourceTree = "<group>"; };
		05A121F0227DF2D8000739D6 /* KOTextField.swift */ = {isa = PBXFileReference; lastKnownFileType = sourcecode.swift; path = KOTextField.swift; sourceTree = "<group>"; };
		05A121F2227DF372000739D6 /* KOControlErrorFeature.swift */ = {isa = PBXFileReference; lastKnownFileType = sourcecode.swift; path = KOControlErrorFeature.swift; sourceTree = "<group>"; };
		05A121F4227DFC27000739D6 /* KOControlErrorInfoFeature.swift */ = {isa = PBXFileReference; lastKnownFileType = sourcecode.swift; path = KOControlErrorInfoFeature.swift; sourceTree = "<group>"; };
		05A121F6227E1BF6000739D6 /* KOControlValidationFeature.swift */ = {isa = PBXFileReference; lastKnownFileType = sourcecode.swift; path = KOControlValidationFeature.swift; sourceTree = "<group>"; };
		05ADEECC22D744C30042A47F /* KOTextFieldTests.swift */ = {isa = PBXFileReference; lastKnownFileType = sourcecode.swift; path = KOTextFieldTests.swift; sourceTree = "<group>"; };
		05B4DF8921674E05002556B9 /* KOAnimation.swift */ = {isa = PBXFileReference; lastKnownFileType = sourcecode.swift; path = KOAnimation.swift; sourceTree = "<group>"; };
		05BBDE2422DC62B500841A3D /* KOPresentationQueuesServiceTests.swift */ = {isa = PBXFileReference; lastKnownFileType = sourcecode.swift; path = KOPresentationQueuesServiceTests.swift; sourceTree = "<group>"; };
		05BBDE2622DC82E500841A3D /* ViewControllerSimulator.swift */ = {isa = PBXFileReference; lastKnownFileType = sourcecode.swift; path = ViewControllerSimulator.swift; sourceTree = "<group>"; };
		05CBB2BE213D325F00EE6264 /* KODialogViewController.swift */ = {isa = PBXFileReference; lastKnownFileType = sourcecode.swift; path = KODialogViewController.swift; sourceTree = "<group>"; };
		05CCFDCD21256B4E00208BD5 /* KOScrollOffsetProgressController.swift */ = {isa = PBXFileReference; lastKnownFileType = sourcecode.swift; path = KOScrollOffsetProgressController.swift; sourceTree = "<group>"; };
		05CD3797217F53C200E8EEB4 /* KOPropertyObserver.swift */ = {isa = PBXFileReference; lastKnownFileType = sourcecode.swift; path = KOPropertyObserver.swift; sourceTree = "<group>"; };
		05CDF659227EDBF5005D82A0 /* KOControlBorderFeature.swift */ = {isa = PBXFileReference; lastKnownFileType = sourcecode.swift; path = KOControlBorderFeature.swift; sourceTree = "<group>"; };
		05CE5526211DAF47003EDD66 /* KOPresentationQueuesService.swift */ = {isa = PBXFileReference; lastKnownFileType = sourcecode.swift; path = KOPresentationQueuesService.swift; sourceTree = "<group>"; };
		05DB455222E71DA000BC97AF /* PanGestureRecognizerSimulator.swift */ = {isa = PBXFileReference; lastKnownFileType = sourcecode.swift; path = PanGestureRecognizerSimulator.swift; sourceTree = "<group>"; };
		05DB455522E7270000BC97AF /* KODialogViewControllerTests.swift */ = {isa = PBXFileReference; lastKnownFileType = sourcecode.swift; path = KODialogViewControllerTests.swift; sourceTree = "<group>"; };
		05E2B4C722D3518C00E7F75A /* KOControlsTests.xctest */ = {isa = PBXFileReference; explicitFileType = wrapper.cfbundle; includeInIndex = 0; path = KOControlsTests.xctest; sourceTree = BUILT_PRODUCTS_DIR; };
		05E2B4CB22D3518D00E7F75A /* Info.plist */ = {isa = PBXFileReference; lastKnownFileType = text.plist.xml; path = Info.plist; sourceTree = "<group>"; };
		05E2B4D422D351DF00E7F75A /* KOControlBorderFeatureTests.swift */ = {isa = PBXFileReference; lastKnownFileType = sourcecode.swift; path = KOControlBorderFeatureTests.swift; sourceTree = "<group>"; };
		05E2B4D622D35D0100E7F75A /* KOControlValidationFeatureTests.swift */ = {isa = PBXFileReference; lastKnownFileType = sourcecode.swift; path = KOControlValidationFeatureTests.swift; sourceTree = "<group>"; };
		05E2B4D922D3648200E7F75A /* FirstResponderSimulatorView.swift */ = {isa = PBXFileReference; lastKnownFileType = sourcecode.swift; path = FirstResponderSimulatorView.swift; sourceTree = "<group>"; };
		05E40301214A8E58004AB4A4 /* KOTransition.swift */ = {isa = PBXFileReference; lastKnownFileType = sourcecode.swift; path = KOTransition.swift; sourceTree = "<group>"; };
		05E40303214A9156004AB4A4 /* KODialogBarView.swift */ = {isa = PBXFileReference; lastKnownFileType = sourcecode.swift; path = KODialogBarView.swift; sourceTree = "<group>"; };
		05E464CA216E28A900AE504D /* KOTouchForwardingView.swift */ = {isa = PBXFileReference; lastKnownFileType = sourcecode.swift; path = KOTouchForwardingView.swift; sourceTree = "<group>"; };
		05FD48E2214122390092A3A3 /* KOPickerViewController.swift */ = {isa = PBXFileReference; lastKnownFileType = sourcecode.swift; path = KOPickerViewController.swift; sourceTree = "<group>"; };
/* End PBXFileReference section */

/* Begin PBXFrameworksBuildPhase section */
		053ED24121162C2E0016ABC4 /* Frameworks */ = {
			isa = PBXFrameworksBuildPhase;
			buildActionMask = 2147483647;
			files = (
			);
			runOnlyForDeploymentPostprocessing = 0;
		};
		05E2B4C422D3518C00E7F75A /* Frameworks */ = {
			isa = PBXFrameworksBuildPhase;
			buildActionMask = 2147483647;
			files = (
				05E2B4CC22D3518D00E7F75A /* KOControls.framework in Frameworks */,
			);
			runOnlyForDeploymentPostprocessing = 0;
		};
/* End PBXFrameworksBuildPhase section */

/* Begin PBXGroup section */
		053ED23B21162C2E0016ABC4 = {
			isa = PBXGroup;
			children = (
				053ED24721162C2E0016ABC4 /* Sources */,
				05E2B4C822D3518D00E7F75A /* KOControlsTests */,
				053ED24621162C2E0016ABC4 /* Products */,
			);
			sourceTree = "<group>";
		};
		053ED24621162C2E0016ABC4 /* Products */ = {
			isa = PBXGroup;
			children = (
				053ED24521162C2E0016ABC4 /* KOControls.framework */,
				05E2B4C722D3518C00E7F75A /* KOControlsTests.xctest */,
			);
			name = Products;
			sourceTree = "<group>";
		};
		053ED24721162C2E0016ABC4 /* Sources */ = {
			isa = PBXGroup;
			children = (
				052099E3214FEC8600603A5D /* Assets.xcassets */,
				05A121EE227DF29F000739D6 /* Animations */,
				0595A2F222818D5B00C4DFB4 /* Transitions */,
				05A121EF227DF2B5000739D6 /* Controls */,
				0595A2F722819A2800C4DFB4 /* DialogViewControllers */,
				05CE5526211DAF47003EDD66 /* KOPresentationQueuesService.swift */,
				05CD3797217F53C200E8EEB4 /* KOPropertyObserver.swift */,
				05CCFDCD21256B4E00208BD5 /* KOScrollOffsetProgressController.swift */,
				05251CBC213FEA5400CA9EF3 /* KOEdgesConstraintsInsets.swift */,
				058529582151161100FA36DE /* KOPopoverSettings.swift */,
				0566A6A9213E75D900E87518 /* KOConstraints.swift */,
				0585295A2151164000FA36DE /* UIViewController+Extensions.swift */,
				052842952397109E00ECE23E /* UIColor+Theme.swift */,
				053ED24821162C2E0016ABC4 /* KOControls.h */,
				053ED24921162C2E0016ABC4 /* Info.plist */,
			);
			path = Sources;
			sourceTree = "<group>";
		};
		05431F0D22801B45004928A1 /* Features */ = {
			isa = PBXGroup;
			children = (
				05CDF659227EDBF5005D82A0 /* KOControlBorderFeature.swift */,
				05A121F6227E1BF6000739D6 /* KOControlValidationFeature.swift */,
				05A121F2227DF372000739D6 /* KOControlErrorFeature.swift */,
				05A121F4227DFC27000739D6 /* KOControlErrorInfoFeature.swift */,
				053ED28B211638950016ABC4 /* KOErrorInfoView.swift */,
			);
			path = Features;
			sourceTree = "<group>";
		};
		0595A2F222818D5B00C4DFB4 /* Transitions */ = {
			isa = PBXGroup;
			children = (
				05E40301214A8E58004AB4A4 /* KOTransition.swift */,
				0595A2F322818D7A00C4DFB4 /* KOAnimatedTransitioningController.swift */,
				0595A2F522818E0900C4DFB4 /* KODimmingPresentationController.swift */,
			);
			path = Transitions;
			sourceTree = "<group>";
		};
		0595A2F722819A2800C4DFB4 /* DialogViewControllers */ = {
			isa = PBXGroup;
			children = (
				05CBB2BE213D325F00EE6264 /* KODialogViewController.swift */,
				051CE6DD2282F639007C64CC /* KODialogMainView.swift */,
				05E40303214A9156004AB4A4 /* KODialogBarView.swift */,
				05FD48E2214122390092A3A3 /* KOPickerViewController.swift */,
			);
			path = DialogViewControllers;
			sourceTree = "<group>";
		};
		05A121EE227DF29F000739D6 /* Animations */ = {
			isa = PBXGroup;
			children = (
				0546FCA522704A5000EE7236 /* KOAnimator.swift */,
				05B4DF8921674E05002556B9 /* KOAnimation.swift */,
			);
			path = Animations;
			sourceTree = "<group>";
		};
		05A121EF227DF2B5000739D6 /* Controls */ = {
			isa = PBXGroup;
			children = (
				05A121F0227DF2D8000739D6 /* KOTextField.swift */,
				05E464CA216E28A900AE504D /* KOTouchForwardingView.swift */,
				05431F0D22801B45004928A1 /* Features */,
			);
			path = Controls;
			sourceTree = "<group>";
		};
		05ADEEC922D7445D0042A47F /* Tests */ = {
			isa = PBXGroup;
			children = (
				05E2B4D222D351BE00E7F75A /* Controls */,
				05DB455422E7269B00BC97AF /* DialogViewControllers */,
				05BBDE2422DC62B500841A3D /* KOPresentationQueuesServiceTests.swift */,
				0594562D22DE080B0082CCB7 /* KOPropertyObserverTests.swift */,
				0594562F22DE0AE60082CCB7 /* KOScrollOffsetProgressControllerTests.swift */,
			);
			path = Tests;
			sourceTree = "<group>";
		};
		05DB455422E7269B00BC97AF /* DialogViewControllers */ = {
			isa = PBXGroup;
			children = (
				05DB455522E7270000BC97AF /* KODialogViewControllerTests.swift */,
				056DBB7522F967EF0003223B /* KODialogMainViewTests.swift */,
				051D172F22F22AB200F259C6 /* KODialogBarViewTests.swift */,
				055190B022EE3A2C00B745BC /* KOPickerViewControllerTests.swift */,
			);
			path = DialogViewControllers;
			sourceTree = "<group>";
		};
		05E2B4C822D3518D00E7F75A /* KOControlsTests */ = {
			isa = PBXGroup;
			children = (
				05ADEEC922D7445D0042A47F /* Tests */,
				05E2B4D822D3647400E7F75A /* Helpers */,
				05E2B4CB22D3518D00E7F75A /* Info.plist */,
			);
			path = KOControlsTests;
			sourceTree = "<group>";
		};
		05E2B4D222D351BE00E7F75A /* Controls */ = {
			isa = PBXGroup;
			children = (
				05ADEECC22D744C30042A47F /* KOTextFieldTests.swift */,
				0594562922DDFE9D0082CCB7 /* KOTouchForwardingViewTests.swift */,
				05E2B4D322D351C500E7F75A /* Features */,
			);
			path = Controls;
			sourceTree = "<group>";
		};
		05E2B4D322D351C500E7F75A /* Features */ = {
			isa = PBXGroup;
			children = (
				05E2B4D422D351DF00E7F75A /* KOControlBorderFeatureTests.swift */,
				05E2B4D622D35D0100E7F75A /* KOControlValidationFeatureTests.swift */,
				058E7E3822D48B3000208252 /* KOControlErrorFeatureTests.swift */,
				0555086022D61C2D0061B4E9 /* KOControlErrorInfoFeatureTests.swift */,
			);
			path = Features;
			sourceTree = "<group>";
		};
		05E2B4D822D3647400E7F75A /* Helpers */ = {
			isa = PBXGroup;
			children = (
				05E2B4D922D3648200E7F75A /* FirstResponderSimulatorView.swift */,
				058E7E3A22D492ED00208252 /* WindowSimulator.swift */,
				05BBDE2622DC82E500841A3D /* ViewControllerSimulator.swift */,
				05DB455222E71DA000BC97AF /* PanGestureRecognizerSimulator.swift */,
				0555086222D6289F0061B4E9 /* XCTestCase+Extension.swift */,
				0595A7D122FA175D00244CEA /* Measurement+Extension.swift */,
			);
			path = Helpers;
			sourceTree = "<group>";
		};
/* End PBXGroup section */

/* Begin PBXHeadersBuildPhase section */
		053ED24221162C2E0016ABC4 /* Headers */ = {
			isa = PBXHeadersBuildPhase;
			buildActionMask = 2147483647;
			files = (
				053ED24A21162C2E0016ABC4 /* KOControls.h in Headers */,
			);
			runOnlyForDeploymentPostprocessing = 0;
		};
/* End PBXHeadersBuildPhase section */

/* Begin PBXNativeTarget section */
		053ED24421162C2E0016ABC4 /* KOControls */ = {
			isa = PBXNativeTarget;
			buildConfigurationList = 053ED24D21162C2E0016ABC4 /* Build configuration list for PBXNativeTarget "KOControls" */;
			buildPhases = (
				053ED24021162C2E0016ABC4 /* Sources */,
				053ED24121162C2E0016ABC4 /* Frameworks */,
				053ED24221162C2E0016ABC4 /* Headers */,
				053ED24321162C2E0016ABC4 /* Resources */,
			);
			buildRules = (
			);
			dependencies = (
			);
			name = KOControls;
			productName = KOControls;
			productReference = 053ED24521162C2E0016ABC4 /* KOControls.framework */;
			productType = "com.apple.product-type.framework";
		};
		05E2B4C622D3518C00E7F75A /* KOControlsTests */ = {
			isa = PBXNativeTarget;
			buildConfigurationList = 05E2B4CF22D3518D00E7F75A /* Build configuration list for PBXNativeTarget "KOControlsTests" */;
			buildPhases = (
				05E2B4C322D3518C00E7F75A /* Sources */,
				05E2B4C422D3518C00E7F75A /* Frameworks */,
				05E2B4C522D3518C00E7F75A /* Resources */,
			);
			buildRules = (
			);
			dependencies = (
				05E2B4CE22D3518D00E7F75A /* PBXTargetDependency */,
			);
			name = KOControlsTests;
			productName = KOControlsTests;
			productReference = 05E2B4C722D3518C00E7F75A /* KOControlsTests.xctest */;
			productType = "com.apple.product-type.bundle.unit-test";
		};
/* End PBXNativeTarget section */

/* Begin PBXProject section */
		053ED23C21162C2E0016ABC4 /* Project object */ = {
			isa = PBXProject;
			attributes = {
				LastSwiftUpdateCheck = 1020;
				LastUpgradeCheck = 0940;
				ORGANIZATIONNAME = "Kuba Ostrowski";
				TargetAttributes = {
					053ED24421162C2E0016ABC4 = {
						CreatedOnToolsVersion = 9.4.1;
						LastSwiftMigration = 1020;
					};
					05E2B4C622D3518C00E7F75A = {
						CreatedOnToolsVersion = 10.2.1;
						LastSwiftMigration = 1020;
					};
				};
			};
			buildConfigurationList = 053ED23F21162C2E0016ABC4 /* Build configuration list for PBXProject "KOControls" */;
			compatibilityVersion = "Xcode 9.3";
			developmentRegion = en;
			hasScannedForEncodings = 0;
			knownRegions = (
				en,
				Base,
			);
			mainGroup = 053ED23B21162C2E0016ABC4;
			productRefGroup = 053ED24621162C2E0016ABC4 /* Products */;
			projectDirPath = "";
			projectRoot = "";
			targets = (
				053ED24421162C2E0016ABC4 /* KOControls */,
				05E2B4C622D3518C00E7F75A /* KOControlsTests */,
			);
		};
/* End PBXProject section */

/* Begin PBXResourcesBuildPhase section */
		053ED24321162C2E0016ABC4 /* Resources */ = {
			isa = PBXResourcesBuildPhase;
			buildActionMask = 2147483647;
			files = (
				052099E4214FEC8600603A5D /* Assets.xcassets in Resources */,
			);
			runOnlyForDeploymentPostprocessing = 0;
		};
		05E2B4C522D3518C00E7F75A /* Resources */ = {
			isa = PBXResourcesBuildPhase;
			buildActionMask = 2147483647;
			files = (
			);
			runOnlyForDeploymentPostprocessing = 0;
		};
/* End PBXResourcesBuildPhase section */

/* Begin PBXSourcesBuildPhase section */
		053ED24021162C2E0016ABC4 /* Sources */ = {
			isa = PBXSourcesBuildPhase;
			buildActionMask = 2147483647;
			files = (
				051CE6DE2282F639007C64CC /* KODialogMainView.swift in Sources */,
				0546FCA622704A5000EE7236 /* KOAnimator.swift in Sources */,
				0566A6AA213E75D900E87518 /* KOConstraints.swift in Sources */,
				05E464CB216E28A900AE504D /* KOTouchForwardingView.swift in Sources */,
				05A121F1227DF2D8000739D6 /* KOTextField.swift in Sources */,
				0585295B2151164000FA36DE /* UIViewController+Extensions.swift in Sources */,
				05251CBD213FEA5400CA9EF3 /* KOEdgesConstraintsInsets.swift in Sources */,
				05B4DF8A21674E05002556B9 /* KOAnimation.swift in Sources */,
				05A121F7227E1BF6000739D6 /* KOControlValidationFeature.swift in Sources */,
				052842962397109E00ECE23E /* UIColor+Theme.swift in Sources */,
				05CE5527211DAF47003EDD66 /* KOPresentationQueuesService.swift in Sources */,
				05CD3798217F53C200E8EEB4 /* KOPropertyObserver.swift in Sources */,
				05CDF65A227EDBF5005D82A0 /* KOControlBorderFeature.swift in Sources */,
				05E40302214A8E58004AB4A4 /* KOTransition.swift in Sources */,
				05A121F5227DFC27000739D6 /* KOControlErrorInfoFeature.swift in Sources */,
				0595A2F422818D7A00C4DFB4 /* KOAnimatedTransitioningController.swift in Sources */,
				05A121F3227DF372000739D6 /* KOControlErrorFeature.swift in Sources */,
				05E40304214A9156004AB4A4 /* KODialogBarView.swift in Sources */,
				05FD48E3214122390092A3A3 /* KOPickerViewController.swift in Sources */,
				0595A2F622818E0900C4DFB4 /* KODimmingPresentationController.swift in Sources */,
				058529592151161100FA36DE /* KOPopoverSettings.swift in Sources */,
				05CCFDCE21256B4F00208BD5 /* KOScrollOffsetProgressController.swift in Sources */,
				05CBB2BF213D325F00EE6264 /* KODialogViewController.swift in Sources */,
				053ED28C211638950016ABC4 /* KOErrorInfoView.swift in Sources */,
			);
			runOnlyForDeploymentPostprocessing = 0;
		};
		05E2B4C322D3518C00E7F75A /* Sources */ = {
			isa = PBXSourcesBuildPhase;
			buildActionMask = 2147483647;
			files = (
				058E7E3B22D492ED00208252 /* WindowSimulator.swift in Sources */,
				05E2B4D522D351DF00E7F75A /* KOControlBorderFeatureTests.swift in Sources */,
				055190B122EE3A2C00B745BC /* KOPickerViewControllerTests.swift in Sources */,
				05DB455322E71DA000BC97AF /* PanGestureRecognizerSimulator.swift in Sources */,
				0594562E22DE080B0082CCB7 /* KOPropertyObserverTests.swift in Sources */,
				0595A7D222FA175D00244CEA /* Measurement+Extension.swift in Sources */,
				051D173022F22AB200F259C6 /* KODialogBarViewTests.swift in Sources */,
				0594562A22DDFE9D0082CCB7 /* KOTouchForwardingViewTests.swift in Sources */,
				05E2B4D722D35D0100E7F75A /* KOControlValidationFeatureTests.swift in Sources */,
				05BBDE2722DC82E500841A3D /* ViewControllerSimulator.swift in Sources */,
				0555086122D61C2D0061B4E9 /* KOControlErrorInfoFeatureTests.swift in Sources */,
				05BBDE2522DC62B500841A3D /* KOPresentationQueuesServiceTests.swift in Sources */,
				05DB455622E7270000BC97AF /* KODialogViewControllerTests.swift in Sources */,
				058E7E3922D48B3000208252 /* KOControlErrorFeatureTests.swift in Sources */,
				056DBB7622F967EF0003223B /* KODialogMainViewTests.swift in Sources */,
				0555086322D6289F0061B4E9 /* XCTestCase+Extension.swift in Sources */,
				0594563022DE0AE60082CCB7 /* KOScrollOffsetProgressControllerTests.swift in Sources */,
				05E2B4DA22D3648200E7F75A /* FirstResponderSimulatorView.swift in Sources */,
				05ADEECD22D744C30042A47F /* KOTextFieldTests.swift in Sources */,
			);
			runOnlyForDeploymentPostprocessing = 0;
		};
/* End PBXSourcesBuildPhase section */

/* Begin PBXTargetDependency section */
		05E2B4CE22D3518D00E7F75A /* PBXTargetDependency */ = {
			isa = PBXTargetDependency;
			target = 053ED24421162C2E0016ABC4 /* KOControls */;
			targetProxy = 05E2B4CD22D3518D00E7F75A /* PBXContainerItemProxy */;
		};
/* End PBXTargetDependency section */

/* Begin XCBuildConfiguration section */
		053ED24B21162C2E0016ABC4 /* Debug */ = {
			isa = XCBuildConfiguration;
			buildSettings = {
				ALWAYS_SEARCH_USER_PATHS = NO;
				CLANG_ANALYZER_NONNULL = YES;
				CLANG_ANALYZER_NUMBER_OBJECT_CONVERSION = YES_AGGRESSIVE;
				CLANG_CXX_LANGUAGE_STANDARD = "gnu++14";
				CLANG_CXX_LIBRARY = "libc++";
				CLANG_ENABLE_MODULES = YES;
				CLANG_ENABLE_OBJC_ARC = YES;
				CLANG_ENABLE_OBJC_WEAK = YES;
				CLANG_WARN_BLOCK_CAPTURE_AUTORELEASING = YES;
				CLANG_WARN_BOOL_CONVERSION = YES;
				CLANG_WARN_COMMA = YES;
				CLANG_WARN_CONSTANT_CONVERSION = YES;
				CLANG_WARN_DEPRECATED_OBJC_IMPLEMENTATIONS = YES;
				CLANG_WARN_DIRECT_OBJC_ISA_USAGE = YES_ERROR;
				CLANG_WARN_DOCUMENTATION_COMMENTS = YES;
				CLANG_WARN_EMPTY_BODY = YES;
				CLANG_WARN_ENUM_CONVERSION = YES;
				CLANG_WARN_INFINITE_RECURSION = YES;
				CLANG_WARN_INT_CONVERSION = YES;
				CLANG_WARN_NON_LITERAL_NULL_CONVERSION = YES;
				CLANG_WARN_OBJC_IMPLICIT_RETAIN_SELF = YES;
				CLANG_WARN_OBJC_LITERAL_CONVERSION = YES;
				CLANG_WARN_OBJC_ROOT_CLASS = YES_ERROR;
				CLANG_WARN_RANGE_LOOP_ANALYSIS = YES;
				CLANG_WARN_STRICT_PROTOTYPES = YES;
				CLANG_WARN_SUSPICIOUS_MOVE = YES;
				CLANG_WARN_UNGUARDED_AVAILABILITY = YES_AGGRESSIVE;
				CLANG_WARN_UNREACHABLE_CODE = YES;
				CLANG_WARN__DUPLICATE_METHOD_MATCH = YES;
				CODE_SIGN_IDENTITY = "iPhone Developer";
				COPY_PHASE_STRIP = NO;
				CURRENT_PROJECT_VERSION = 1;
				DEBUG_INFORMATION_FORMAT = dwarf;
				ENABLE_STRICT_OBJC_MSGSEND = YES;
				ENABLE_TESTABILITY = YES;
				GCC_C_LANGUAGE_STANDARD = gnu11;
				GCC_DYNAMIC_NO_PIC = NO;
				GCC_NO_COMMON_BLOCKS = YES;
				GCC_OPTIMIZATION_LEVEL = 0;
				GCC_PREPROCESSOR_DEFINITIONS = (
					"DEBUG=1",
					"$(inherited)",
				);
				GCC_WARN_64_TO_32_BIT_CONVERSION = YES;
				GCC_WARN_ABOUT_RETURN_TYPE = YES_ERROR;
				GCC_WARN_UNDECLARED_SELECTOR = YES;
				GCC_WARN_UNINITIALIZED_AUTOS = YES_AGGRESSIVE;
				GCC_WARN_UNUSED_FUNCTION = YES;
				GCC_WARN_UNUSED_VARIABLE = YES;
				IPHONEOS_DEPLOYMENT_TARGET = 10.0;
				MTL_ENABLE_DEBUG_INFO = YES;
				ONLY_ACTIVE_ARCH = YES;
				SDKROOT = iphoneos;
				SWIFT_ACTIVE_COMPILATION_CONDITIONS = DEBUG;
				SWIFT_OPTIMIZATION_LEVEL = "-Onone";
				VERSIONING_SYSTEM = "apple-generic";
				VERSION_INFO_PREFIX = "";
			};
			name = Debug;
		};
		053ED24C21162C2E0016ABC4 /* Release */ = {
			isa = XCBuildConfiguration;
			buildSettings = {
				ALWAYS_SEARCH_USER_PATHS = NO;
				CLANG_ANALYZER_NONNULL = YES;
				CLANG_ANALYZER_NUMBER_OBJECT_CONVERSION = YES_AGGRESSIVE;
				CLANG_CXX_LANGUAGE_STANDARD = "gnu++14";
				CLANG_CXX_LIBRARY = "libc++";
				CLANG_ENABLE_MODULES = YES;
				CLANG_ENABLE_OBJC_ARC = YES;
				CLANG_ENABLE_OBJC_WEAK = YES;
				CLANG_WARN_BLOCK_CAPTURE_AUTORELEASING = YES;
				CLANG_WARN_BOOL_CONVERSION = YES;
				CLANG_WARN_COMMA = YES;
				CLANG_WARN_CONSTANT_CONVERSION = YES;
				CLANG_WARN_DEPRECATED_OBJC_IMPLEMENTATIONS = YES;
				CLANG_WARN_DIRECT_OBJC_ISA_USAGE = YES_ERROR;
				CLANG_WARN_DOCUMENTATION_COMMENTS = YES;
				CLANG_WARN_EMPTY_BODY = YES;
				CLANG_WARN_ENUM_CONVERSION = YES;
				CLANG_WARN_INFINITE_RECURSION = YES;
				CLANG_WARN_INT_CONVERSION = YES;
				CLANG_WARN_NON_LITERAL_NULL_CONVERSION = YES;
				CLANG_WARN_OBJC_IMPLICIT_RETAIN_SELF = YES;
				CLANG_WARN_OBJC_LITERAL_CONVERSION = YES;
				CLANG_WARN_OBJC_ROOT_CLASS = YES_ERROR;
				CLANG_WARN_RANGE_LOOP_ANALYSIS = YES;
				CLANG_WARN_STRICT_PROTOTYPES = YES;
				CLANG_WARN_SUSPICIOUS_MOVE = YES;
				CLANG_WARN_UNGUARDED_AVAILABILITY = YES_AGGRESSIVE;
				CLANG_WARN_UNREACHABLE_CODE = YES;
				CLANG_WARN__DUPLICATE_METHOD_MATCH = YES;
				CODE_SIGN_IDENTITY = "iPhone Developer";
				COPY_PHASE_STRIP = NO;
				CURRENT_PROJECT_VERSION = 1;
				DEBUG_INFORMATION_FORMAT = "dwarf-with-dsym";
				ENABLE_NS_ASSERTIONS = NO;
				ENABLE_STRICT_OBJC_MSGSEND = YES;
				GCC_C_LANGUAGE_STANDARD = gnu11;
				GCC_NO_COMMON_BLOCKS = YES;
				GCC_WARN_64_TO_32_BIT_CONVERSION = YES;
				GCC_WARN_ABOUT_RETURN_TYPE = YES_ERROR;
				GCC_WARN_UNDECLARED_SELECTOR = YES;
				GCC_WARN_UNINITIALIZED_AUTOS = YES_AGGRESSIVE;
				GCC_WARN_UNUSED_FUNCTION = YES;
				GCC_WARN_UNUSED_VARIABLE = YES;
				IPHONEOS_DEPLOYMENT_TARGET = 10.0;
				MTL_ENABLE_DEBUG_INFO = NO;
				SDKROOT = iphoneos;
				SWIFT_COMPILATION_MODE = wholemodule;
				SWIFT_OPTIMIZATION_LEVEL = "-O";
				VALIDATE_PRODUCT = YES;
				VERSIONING_SYSTEM = "apple-generic";
				VERSION_INFO_PREFIX = "";
			};
			name = Release;
		};
		053ED24E21162C2E0016ABC4 /* Debug */ = {
			isa = XCBuildConfiguration;
			buildSettings = {
				CLANG_ENABLE_MODULES = YES;
				CODE_SIGN_IDENTITY = "";
				CODE_SIGN_STYLE = Manual;
				DEFINES_MODULE = YES;
				DEVELOPMENT_TEAM = "";
				DYLIB_COMPATIBILITY_VERSION = 1;
				DYLIB_CURRENT_VERSION = 1;
				DYLIB_INSTALL_NAME_BASE = "@rpath";
				INFOPLIST_FILE = "$(SRCROOT)/Sources/Info.plist";
				INSTALL_PATH = "$(LOCAL_LIBRARY_DIR)/Frameworks";
				IPHONEOS_DEPLOYMENT_TARGET = 10.0;
				LD_RUNPATH_SEARCH_PATHS = (
					"$(inherited)",
					"@executable_path/Frameworks",
					"@loader_path/Frameworks",
				);
				MARKETING_VERSION = 1.2.3;
				PRODUCT_BUNDLE_IDENTIFIER = pl.KO.KOControls;
				PRODUCT_NAME = "$(TARGET_NAME:c99extidentifier)";
				PROVISIONING_PROFILE_SPECIFIER = "";
				SKIP_INSTALL = YES;
				SWIFT_OPTIMIZATION_LEVEL = "-Onone";
				SWIFT_VERSION = 5.0;
				TARGETED_DEVICE_FAMILY = "1,2";
			};
			name = Debug;
		};
		053ED24F21162C2E0016ABC4 /* Release */ = {
			isa = XCBuildConfiguration;
			buildSettings = {
				CLANG_ENABLE_MODULES = YES;
				CODE_SIGN_IDENTITY = "";
				CODE_SIGN_STYLE = Manual;
				DEFINES_MODULE = YES;
				DEVELOPMENT_TEAM = "";
				DYLIB_COMPATIBILITY_VERSION = 1;
				DYLIB_CURRENT_VERSION = 1;
				DYLIB_INSTALL_NAME_BASE = "@rpath";
				INFOPLIST_FILE = "$(SRCROOT)/Sources/Info.plist";
				INSTALL_PATH = "$(LOCAL_LIBRARY_DIR)/Frameworks";
				IPHONEOS_DEPLOYMENT_TARGET = 10.0;
				LD_RUNPATH_SEARCH_PATHS = (
					"$(inherited)",
					"@executable_path/Frameworks",
					"@loader_path/Frameworks",
				);
				MARKETING_VERSION = 1.2.3;
				PRODUCT_BUNDLE_IDENTIFIER = pl.KO.KOControls;
				PRODUCT_NAME = "$(TARGET_NAME:c99extidentifier)";
				PROVISIONING_PROFILE_SPECIFIER = "";
				SKIP_INSTALL = YES;
				SWIFT_VERSION = 5.0;
				TARGETED_DEVICE_FAMILY = "1,2";
			};
			name = Release;
		};
		05E2B4D022D3518D00E7F75A /* Debug */ = {
			isa = XCBuildConfiguration;
			buildSettings = {
				CLANG_ENABLE_MODULES = YES;
				CODE_SIGN_STYLE = Automatic;
				INFOPLIST_FILE = KOControlsTests/Info.plist;
				IPHONEOS_DEPLOYMENT_TARGET = 10.0;
				LD_RUNPATH_SEARCH_PATHS = (
					"$(inherited)",
					"@executable_path/Frameworks",
					"@loader_path/Frameworks",
				);
				MTL_ENABLE_DEBUG_INFO = INCLUDE_SOURCE;
				MTL_FAST_MATH = YES;
				PRODUCT_BUNDLE_IDENTIFIER = pl.KO.KOControlsTests;
				PRODUCT_NAME = "$(TARGET_NAME)";
				SWIFT_OPTIMIZATION_LEVEL = "-Onone";
				SWIFT_VERSION = 5.0;
				TARGETED_DEVICE_FAMILY = "1,2";
			};
			name = Debug;
		};
		05E2B4D122D3518D00E7F75A /* Release */ = {
			isa = XCBuildConfiguration;
			buildSettings = {
				CLANG_ENABLE_MODULES = YES;
				CODE_SIGN_STYLE = Automatic;
				INFOPLIST_FILE = KOControlsTests/Info.plist;
				IPHONEOS_DEPLOYMENT_TARGET = 10.0;
				LD_RUNPATH_SEARCH_PATHS = (
					"$(inherited)",
					"@executable_path/Frameworks",
					"@loader_path/Frameworks",
				);
				MTL_FAST_MATH = YES;
				PRODUCT_BUNDLE_IDENTIFIER = pl.KO.KOControlsTests;
				PRODUCT_NAME = "$(TARGET_NAME)";
				SWIFT_VERSION = 5.0;
				TARGETED_DEVICE_FAMILY = "1,2";
			};
			name = Release;
		};
/* End XCBuildConfiguration section */

/* Begin XCConfigurationList section */
		053ED23F21162C2E0016ABC4 /* Build configuration list for PBXProject "KOControls" */ = {
			isa = XCConfigurationList;
			buildConfigurations = (
				053ED24B21162C2E0016ABC4 /* Debug */,
				053ED24C21162C2E0016ABC4 /* Release */,
			);
			defaultConfigurationIsVisible = 0;
			defaultConfigurationName = Release;
		};
		053ED24D21162C2E0016ABC4 /* Build configuration list for PBXNativeTarget "KOControls" */ = {
			isa = XCConfigurationList;
			buildConfigurations = (
				053ED24E21162C2E0016ABC4 /* Debug */,
				053ED24F21162C2E0016ABC4 /* Release */,
			);
			defaultConfigurationIsVisible = 0;
			defaultConfigurationName = Release;
		};
		05E2B4CF22D3518D00E7F75A /* Build configuration list for PBXNativeTarget "KOControlsTests" */ = {
			isa = XCConfigurationList;
			buildConfigurations = (
				05E2B4D022D3518D00E7F75A /* Debug */,
				05E2B4D122D3518D00E7F75A /* Release */,
			);
			defaultConfigurationIsVisible = 0;
			defaultConfigurationName = Release;
		};
/* End XCConfigurationList section */
	};
	rootObject = 053ED23C21162C2E0016ABC4 /* Project object */;
}
