PODS:
  - IQKeyboardManagerSwift (6.5.4)
  - SwiftLint (0.38.0)

DEPENDENCIES:
  - IQKeyboardManagerSwift (~> 6.5.0)
  - SwiftLint (~> 0.35)

SPEC REPOS:
  trunk:
    - IQKeyboardManagerSwift
    - SwiftLint

SPEC CHECKSUMS:
  IQKeyboardManagerSwift: 2dde0fc70110e8eac7ccce2a46fdbec6a850b414
  SwiftLint: 4105f061f9812b214568b736dab580ab2c73a582

PODFILE CHECKSUM: 19b5e59944aa5c07d30a0f2b6f76e0bd1a946579

COCOAPODS: 1.8.1
