PODS:
  - IQKeyboardManagerSwift (6.5.4)
  - SwiftLint (0.50.3)

DEPENDENCIES:
  - IQKeyboardManagerSwift (~> 6.5.0)
  - SwiftLint (~> 0.50)

SPEC REPOS:
  trunk:
    - IQKeyboardManagerSwift
    - SwiftLint

SPEC CHECKSUMS:
  IQKeyboardManagerSwift: 2dde0fc70110e8eac7ccce2a46fdbec6a850b414
  SwiftLint: 77f7cb2b9bb81ab4a12fcc86448ba3f11afa50c6

PODFILE CHECKSUM: df362265be8394b495dfbb8ca9608012e07470a2

COCOAPODS: 1.12.0
