// !$*UTF8*$!
{
	archiveVersion = 1;
	classes = {
	};
	objectVersion = 50;
	objects = {

/* Begin PBXBuildFile section */
		05191DC1215A237000C45D14 /* CountryCollectionsController.swift in Sources */ = {isa = PBXBuildFile; fileRef = 05191DC0215A237000C45D14 /* CountryCollectionsController.swift */; };
		052BCFD221873E5A005578D4 /* KOControls.framework in Frameworks */ = {isa = PBXBuildFile; fileRef = 052BCFD121873E5A005578D4 /* KOControls.framework */; };
		052BCFD321873E5A005578D4 /* KOControls.framework in Embed Frameworks */ = {isa = PBXBuildFile; fileRef = 052BCFD121873E5A005578D4 /* KOControls.framework */; settings = {ATTRIBUTES = (CodeSignOnCopy, RemoveHeadersOnCopy, ); }; };
		053ED26121162FAB0016ABC4 /* AppDelegate.swift in Sources */ = {isa = PBXBuildFile; fileRef = 053ED26021162FAB0016ABC4 /* AppDelegate.swift */; };
		053ED26821162FAC0016ABC4 /* Assets.xcassets in Resources */ = {isa = PBXBuildFile; fileRef = 053ED26721162FAC0016ABC4 /* Assets.xcassets */; };
		053ED26B21162FAC0016ABC4 /* LaunchScreen.storyboard in Resources */ = {isa = PBXBuildFile; fileRef = 053ED26921162FAC0016ABC4 /* LaunchScreen.storyboard */; };
		053ED281211631B10016ABC4 /* MenuViewController.swift in Sources */ = {isa = PBXBuildFile; fileRef = 053ED27F211631B10016ABC4 /* MenuViewController.swift */; };
		053ED282211631B10016ABC4 /* MenuViewController.xib in Resources */ = {isa = PBXBuildFile; fileRef = 053ED280211631B10016ABC4 /* MenuViewController.xib */; };
		053ED286211632AD0016ABC4 /* TextFieldsViewController.swift in Sources */ = {isa = PBXBuildFile; fileRef = 053ED284211632AD0016ABC4 /* TextFieldsViewController.swift */; };
		053ED287211632AD0016ABC4 /* TextFieldsViewController.xib in Resources */ = {isa = PBXBuildFile; fileRef = 053ED285211632AD0016ABC4 /* TextFieldsViewController.xib */; };
		053ED28A211632EA0016ABC4 /* MenuItemTypes.swift in Sources */ = {isa = PBXBuildFile; fileRef = 053ED289211632EA0016ABC4 /* MenuItemTypes.swift */; };
		056705BF21527C6000805BD1 /* CountriesList.txt in Resources */ = {isa = PBXBuildFile; fileRef = 056705BD21527C6000805BD1 /* CountriesList.txt */; };
		058529562150DD7400FA36DE /* AppSettings.swift in Sources */ = {isa = PBXBuildFile; fileRef = 058529552150DD7400FA36DE /* AppSettings.swift */; };
		059C740F2153864800422E73 /* CountryModel.swift in Sources */ = {isa = PBXBuildFile; fileRef = 059C740E2153864800422E73 /* CountryModel.swift */; };
		059C74142153870400422E73 /* CountryTableViewCell.swift in Sources */ = {isa = PBXBuildFile; fileRef = 059C74122153870400422E73 /* CountryTableViewCell.swift */; };
		059C74152153870400422E73 /* CountryTableViewCell.xib in Resources */ = {isa = PBXBuildFile; fileRef = 059C74132153870400422E73 /* CountryTableViewCell.xib */; };
		05A7769E2154E935007FC401 /* CountryCollectionViewCell.swift in Sources */ = {isa = PBXBuildFile; fileRef = 05A7769C2154E935007FC401 /* CountryCollectionViewCell.swift */; };
		05A7769F2154E935007FC401 /* CountryCollectionViewCell.xib in Resources */ = {isa = PBXBuildFile; fileRef = 05A7769D2154E935007FC401 /* CountryCollectionViewCell.xib */; };
		05CBB2BC213D311F00EE6264 /* PickerViewController.swift in Sources */ = {isa = PBXBuildFile; fileRef = 05CBB2BA213D311F00EE6264 /* PickerViewController.swift */; };
		05CBB2BD213D311F00EE6264 /* PickerViewController.xib in Resources */ = {isa = PBXBuildFile; fileRef = 05CBB2BB213D311F00EE6264 /* PickerViewController.xib */; };
		05CCFDD321256BE800208BD5 /* ScrollOffsetProgressViewController.swift in Sources */ = {isa = PBXBuildFile; fileRef = 05CCFDD121256BE800208BD5 /* ScrollOffsetProgressViewController.swift */; };
		05CCFDD421256BE800208BD5 /* ScrollOffsetProgressViewController.xib in Resources */ = {isa = PBXBuildFile; fileRef = 05CCFDD221256BE800208BD5 /* ScrollOffsetProgressViewController.xib */; };
		05DC48AE2124AEBF00D0E7F6 /* PresentationQueueViewController.swift in Sources */ = {isa = PBXBuildFile; fileRef = 05DC48AC2124AEBF00D0E7F6 /* PresentationQueueViewController.swift */; };
		05DC48AF2124AEBF00D0E7F6 /* PresentationQueueViewController.xib in Resources */ = {isa = PBXBuildFile; fileRef = 05DC48AD2124AEBF00D0E7F6 /* PresentationQueueViewController.xib */; };
		67EF9F68C8CC960E9C51848D /* Pods_KOControlsExample.framework in Frameworks */ = {isa = PBXBuildFile; fileRef = 38DF199CD968645C38609452 /* Pods_KOControlsExample.framework */; };
/* End PBXBuildFile section */

/* Begin PBXCopyFilesBuildPhase section */
		052BCFC921873CF9005578D4 /* Embed Frameworks */ = {
			isa = PBXCopyFilesBuildPhase;
			buildActionMask = 2147483647;
			dstPath = "";
			dstSubfolderSpec = 10;
			files = (
				052BCFD321873E5A005578D4 /* KOControls.framework in Embed Frameworks */,
			);
			name = "Embed Frameworks";
			runOnlyForDeploymentPostprocessing = 0;
		};
/* End PBXCopyFilesBuildPhase section */

/* Begin PBXFileReference section */
		05191DC0215A237000C45D14 /* CountryCollectionsController.swift */ = {isa = PBXFileReference; lastKnownFileType = sourcecode.swift; path = CountryCollectionsController.swift; sourceTree = "<group>"; };
		052BCFD121873E5A005578D4 /* KOControls.framework */ = {isa = PBXFileReference; explicitFileType = wrapper.framework; path = KOControls.framework; sourceTree = BUILT_PRODUCTS_DIR; };
		053ED25D21162FAB0016ABC4 /* KOControlsExample.app */ = {isa = PBXFileReference; explicitFileType = wrapper.application; includeInIndex = 0; path = KOControlsExample.app; sourceTree = BUILT_PRODUCTS_DIR; };
		053ED26021162FAB0016ABC4 /* AppDelegate.swift */ = {isa = PBXFileReference; lastKnownFileType = sourcecode.swift; path = AppDelegate.swift; sourceTree = "<group>"; };
		053ED26721162FAC0016ABC4 /* Assets.xcassets */ = {isa = PBXFileReference; lastKnownFileType = folder.assetcatalog; path = Assets.xcassets; sourceTree = "<group>"; };
		053ED26A21162FAC0016ABC4 /* Base */ = {isa = PBXFileReference; lastKnownFileType = file.storyboard; name = Base; path = Base.lproj/LaunchScreen.storyboard; sourceTree = "<group>"; };
		053ED26C21162FAC0016ABC4 /* Info.plist */ = {isa = PBXFileReference; lastKnownFileType = text.plist.xml; path = Info.plist; sourceTree = "<group>"; };
		053ED27F211631B10016ABC4 /* MenuViewController.swift */ = {isa = PBXFileReference; lastKnownFileType = sourcecode.swift; path = MenuViewController.swift; sourceTree = "<group>"; };
		053ED280211631B10016ABC4 /* MenuViewController.xib */ = {isa = PBXFileReference; lastKnownFileType = file.xib; path = MenuViewController.xib; sourceTree = "<group>"; };
		053ED284211632AD0016ABC4 /* TextFieldsViewController.swift */ = {isa = PBXFileReference; lastKnownFileType = sourcecode.swift; path = TextFieldsViewController.swift; sourceTree = "<group>"; };
		053ED285211632AD0016ABC4 /* TextFieldsViewController.xib */ = {isa = PBXFileReference; lastKnownFileType = file.xib; path = TextFieldsViewController.xib; sourceTree = "<group>"; };
		053ED289211632EA0016ABC4 /* MenuItemTypes.swift */ = {isa = PBXFileReference; lastKnownFileType = sourcecode.swift; path = MenuItemTypes.swift; sourceTree = "<group>"; };
		056705BD21527C6000805BD1 /* CountriesList.txt */ = {isa = PBXFileReference; fileEncoding = 4; lastKnownFileType = text; path = CountriesList.txt; sourceTree = "<group>"; };
		058529552150DD7400FA36DE /* AppSettings.swift */ = {isa = PBXFileReference; lastKnownFileType = sourcecode.swift; path = AppSettings.swift; sourceTree = "<group>"; };
		059C740E2153864800422E73 /* CountryModel.swift */ = {isa = PBXFileReference; lastKnownFileType = sourcecode.swift; path = CountryModel.swift; sourceTree = "<group>"; };
		059C74122153870400422E73 /* CountryTableViewCell.swift */ = {isa = PBXFileReference; lastKnownFileType = sourcecode.swift; path = CountryTableViewCell.swift; sourceTree = "<group>"; };
		059C74132153870400422E73 /* CountryTableViewCell.xib */ = {isa = PBXFileReference; lastKnownFileType = file.xib; path = CountryTableViewCell.xib; sourceTree = "<group>"; };
		05A7769C2154E935007FC401 /* CountryCollectionViewCell.swift */ = {isa = PBXFileReference; lastKnownFileType = sourcecode.swift; path = CountryCollectionViewCell.swift; sourceTree = "<group>"; };
		05A7769D2154E935007FC401 /* CountryCollectionViewCell.xib */ = {isa = PBXFileReference; lastKnownFileType = file.xib; path = CountryCollectionViewCell.xib; sourceTree = "<group>"; };
		05CBB2BA213D311F00EE6264 /* PickerViewController.swift */ = {isa = PBXFileReference; lastKnownFileType = sourcecode.swift; path = PickerViewController.swift; sourceTree = "<group>"; };
		05CBB2BB213D311F00EE6264 /* PickerViewController.xib */ = {isa = PBXFileReference; lastKnownFileType = file.xib; path = PickerViewController.xib; sourceTree = "<group>"; };
		05CCFDD121256BE800208BD5 /* ScrollOffsetProgressViewController.swift */ = {isa = PBXFileReference; lastKnownFileType = sourcecode.swift; path = ScrollOffsetProgressViewController.swift; sourceTree = "<group>"; };
		05CCFDD221256BE800208BD5 /* ScrollOffsetProgressViewController.xib */ = {isa = PBXFileReference; lastKnownFileType = file.xib; path = ScrollOffsetProgressViewController.xib; sourceTree = "<group>"; };
		05DC48AC2124AEBF00D0E7F6 /* PresentationQueueViewController.swift */ = {isa = PBXFileReference; lastKnownFileType = sourcecode.swift; path = PresentationQueueViewController.swift; sourceTree = "<group>"; };
		05DC48AD2124AEBF00D0E7F6 /* PresentationQueueViewController.xib */ = {isa = PBXFileReference; lastKnownFileType = file.xib; path = PresentationQueueViewController.xib; sourceTree = "<group>"; };
		225CD39FF36CAF788AEED0CF /* Pods-KOControlsExample.debug.xcconfig */ = {isa = PBXFileReference; includeInIndex = 1; lastKnownFileType = text.xcconfig; name = "Pods-KOControlsExample.debug.xcconfig"; path = "Pods/Target Support Files/Pods-KOControlsExample/Pods-KOControlsExample.debug.xcconfig"; sourceTree = "<group>"; };
		38DF199CD968645C38609452 /* Pods_KOControlsExample.framework */ = {isa = PBXFileReference; explicitFileType = wrapper.framework; includeInIndex = 0; path = Pods_KOControlsExample.framework; sourceTree = BUILT_PRODUCTS_DIR; };
		AB2D0AEFF12A205491FE6B09 /* Pods-KOControlsExample.release.xcconfig */ = {isa = PBXFileReference; includeInIndex = 1; lastKnownFileType = text.xcconfig; name = "Pods-KOControlsExample.release.xcconfig"; path = "Pods/Target Support Files/Pods-KOControlsExample/Pods-KOControlsExample.release.xcconfig"; sourceTree = "<group>"; };
/* End PBXFileReference section */

/* Begin PBXFrameworksBuildPhase section */
		053ED25A21162FAB0016ABC4 /* Frameworks */ = {
			isa = PBXFrameworksBuildPhase;
			buildActionMask = 2147483647;
			files = (
				052BCFD221873E5A005578D4 /* KOControls.framework in Frameworks */,
				67EF9F68C8CC960E9C51848D /* Pods_KOControlsExample.framework in Frameworks */,
			);
			runOnlyForDeploymentPostprocessing = 0;
		};
/* End PBXFrameworksBuildPhase section */

/* Begin PBXGroup section */
		053ED25421162FAB0016ABC4 = {
			isa = PBXGroup;
			children = (
				052BCFD121873E5A005578D4 /* KOControls.framework */,
				053ED25F21162FAB0016ABC4 /* KOControlsExample */,
				053ED25E21162FAB0016ABC4 /* Products */,
				053ED272211630490016ABC4 /* Frameworks */,
				977A688CDC886985E5159D6B /* Pods */,
			);
			sourceTree = "<group>";
		};
		053ED25E21162FAB0016ABC4 /* Products */ = {
			isa = PBXGroup;
			children = (
				053ED25D21162FAB0016ABC4 /* KOControlsExample.app */,
			);
			name = Products;
			sourceTree = "<group>";
		};
		053ED25F21162FAB0016ABC4 /* KOControlsExample */ = {
			isa = PBXGroup;
			children = (
				053ED288211632DB0016ABC4 /* Models */,
				059C74112153866500422E73 /* Views */,
				053ED27D211631900016ABC4 /* ViewControllers */,
				05191DC0215A237000C45D14 /* CountryCollectionsController.swift */,
				053ED26021162FAB0016ABC4 /* AppDelegate.swift */,
				058529552150DD7400FA36DE /* AppSettings.swift */,
				053ED26721162FAC0016ABC4 /* Assets.xcassets */,
				056705BD21527C6000805BD1 /* CountriesList.txt */,
				053ED26921162FAC0016ABC4 /* LaunchScreen.storyboard */,
				053ED26C21162FAC0016ABC4 /* Info.plist */,
			);
			path = KOControlsExample;
			sourceTree = "<group>";
		};
		053ED272211630490016ABC4 /* Frameworks */ = {
			isa = PBXGroup;
			children = (
				38DF199CD968645C38609452 /* Pods_KOControlsExample.framework */,
			);
			name = Frameworks;
			sourceTree = "<group>";
		};
		053ED27D211631900016ABC4 /* ViewControllers */ = {
			isa = PBXGroup;
			children = (
				05DC48AB2124AE9A00D0E7F6 /* PresentationQueueViewController */,
				053ED283211632680016ABC4 /* TextFieldsViewController */,
				05CCFDCF21256BB700208BD5 /* ScrollOffsetProgressViewController */,
				05CBB2B8213D307500EE6264 /* PickerViewController */,
				053ED27E211631990016ABC4 /* MenuViewController */,
			);
			path = ViewControllers;
			sourceTree = "<group>";
		};
		053ED27E211631990016ABC4 /* MenuViewController */ = {
			isa = PBXGroup;
			children = (
				053ED27F211631B10016ABC4 /* MenuViewController.swift */,
				053ED280211631B10016ABC4 /* MenuViewController.xib */,
			);
			path = MenuViewController;
			sourceTree = "<group>";
		};
		053ED283211632680016ABC4 /* TextFieldsViewController */ = {
			isa = PBXGroup;
			children = (
				053ED284211632AD0016ABC4 /* TextFieldsViewController.swift */,
				053ED285211632AD0016ABC4 /* TextFieldsViewController.xib */,
			);
			path = TextFieldsViewController;
			sourceTree = "<group>";
		};
		053ED288211632DB0016ABC4 /* Models */ = {
			isa = PBXGroup;
			children = (
				053ED289211632EA0016ABC4 /* MenuItemTypes.swift */,
				059C740E2153864800422E73 /* CountryModel.swift */,
			);
			path = Models;
			sourceTree = "<group>";
		};
		059C74112153866500422E73 /* Views */ = {
			isa = PBXGroup;
			children = (
				059C74122153870400422E73 /* CountryTableViewCell.swift */,
				059C74132153870400422E73 /* CountryTableViewCell.xib */,
				05A7769C2154E935007FC401 /* CountryCollectionViewCell.swift */,
				05A7769D2154E935007FC401 /* CountryCollectionViewCell.xib */,
			);
			path = Views;
			sourceTree = "<group>";
		};
		05CBB2B8213D307500EE6264 /* PickerViewController */ = {
			isa = PBXGroup;
			children = (
				05CBB2BA213D311F00EE6264 /* PickerViewController.swift */,
				05CBB2BB213D311F00EE6264 /* PickerViewController.xib */,
			);
			path = PickerViewController;
			sourceTree = "<group>";
		};
		05CCFDCF21256BB700208BD5 /* ScrollOffsetProgressViewController */ = {
			isa = PBXGroup;
			children = (
				05CCFDD121256BE800208BD5 /* ScrollOffsetProgressViewController.swift */,
				05CCFDD221256BE800208BD5 /* ScrollOffsetProgressViewController.xib */,
			);
			path = ScrollOffsetProgressViewController;
			sourceTree = "<group>";
		};
		05DC48AB2124AE9A00D0E7F6 /* PresentationQueueViewController */ = {
			isa = PBXGroup;
			children = (
				05DC48AC2124AEBF00D0E7F6 /* PresentationQueueViewController.swift */,
				05DC48AD2124AEBF00D0E7F6 /* PresentationQueueViewController.xib */,
			);
			path = PresentationQueueViewController;
			sourceTree = "<group>";
		};
		977A688CDC886985E5159D6B /* Pods */ = {
			isa = PBXGroup;
			children = (
				225CD39FF36CAF788AEED0CF /* Pods-KOControlsExample.debug.xcconfig */,
				AB2D0AEFF12A205491FE6B09 /* Pods-KOControlsExample.release.xcconfig */,
			);
			name = Pods;
			sourceTree = "<group>";
		};
/* End PBXGroup section */

/* Begin PBXNativeTarget section */
		053ED25C21162FAB0016ABC4 /* KOControlsExample */ = {
			isa = PBXNativeTarget;
			buildConfigurationList = 053ED26F21162FAC0016ABC4 /* Build configuration list for PBXNativeTarget "KOControlsExample" */;
			buildPhases = (
				10AE8525CE9C5778470C6D06 /* [CP] Check Pods Manifest.lock */,
				053ED25921162FAB0016ABC4 /* Sources */,
				053ED25A21162FAB0016ABC4 /* Frameworks */,
				053ED25B21162FAB0016ABC4 /* Resources */,
				8978A039642240129207158B /* [CP] Embed Pods Frameworks */,
				052BCFC921873CF9005578D4 /* Embed Frameworks */,
			);
			buildRules = (
			);
			dependencies = (
			);
			name = KOControlsExample;
			productName = KOControlsExample;
			productReference = 053ED25D21162FAB0016ABC4 /* KOControlsExample.app */;
			productType = "com.apple.product-type.application";
		};
/* End PBXNativeTarget section */

/* Begin PBXProject section */
		053ED25521162FAB0016ABC4 /* Project object */ = {
			isa = PBXProject;
			attributes = {
				LastSwiftUpdateCheck = 0940;
				LastUpgradeCheck = 0940;
				ORGANIZATIONNAME = "Kuba Ostrowski";
				TargetAttributes = {
					053ED25C21162FAB0016ABC4 = {
						CreatedOnToolsVersion = 9.4.1;
						LastSwiftMigration = 1000;
					};
				};
			};
			buildConfigurationList = 053ED25821162FAB0016ABC4 /* Build configuration list for PBXProject "KOControlsExample" */;
			compatibilityVersion = "Xcode 9.3";
			developmentRegion = en;
			hasScannedForEncodings = 0;
			knownRegions = (
				en,
				Base,
			);
			mainGroup = 053ED25421162FAB0016ABC4;
			productRefGroup = 053ED25E21162FAB0016ABC4 /* Products */;
			projectDirPath = "";
			projectRoot = "";
			targets = (
				053ED25C21162FAB0016ABC4 /* KOControlsExample */,
			);
		};
/* End PBXProject section */

/* Begin PBXResourcesBuildPhase section */
		053ED25B21162FAB0016ABC4 /* Resources */ = {
			isa = PBXResourcesBuildPhase;
			buildActionMask = 2147483647;
			files = (
				05CCFDD421256BE800208BD5 /* ScrollOffsetProgressViewController.xib in Resources */,
				05DC48AF2124AEBF00D0E7F6 /* PresentationQueueViewController.xib in Resources */,
				056705BF21527C6000805BD1 /* CountriesList.txt in Resources */,
				053ED287211632AD0016ABC4 /* TextFieldsViewController.xib in Resources */,
				05A7769F2154E935007FC401 /* CountryCollectionViewCell.xib in Resources */,
				053ED26B21162FAC0016ABC4 /* LaunchScreen.storyboard in Resources */,
				053ED282211631B10016ABC4 /* MenuViewController.xib in Resources */,
				059C74152153870400422E73 /* CountryTableViewCell.xib in Resources */,
				05CBB2BD213D311F00EE6264 /* PickerViewController.xib in Resources */,
				053ED26821162FAC0016ABC4 /* Assets.xcassets in Resources */,
			);
			runOnlyForDeploymentPostprocessing = 0;
		};
/* End PBXResourcesBuildPhase section */

/* Begin PBXShellScriptBuildPhase section */
		10AE8525CE9C5778470C6D06 /* [CP] Check Pods Manifest.lock */ = {
			isa = PBXShellScriptBuildPhase;
			buildActionMask = 2147483647;
			files = (
			);
			inputPaths = (
				"${PODS_PODFILE_DIR_PATH}/Podfile.lock",
				"${PODS_ROOT}/Manifest.lock",
			);
			name = "[CP] Check Pods Manifest.lock";
			outputPaths = (
				"$(DERIVED_FILE_DIR)/Pods-KOControlsExample-checkManifestLockResult.txt",
			);
			runOnlyForDeploymentPostprocessing = 0;
			shellPath = /bin/sh;
			shellScript = "diff \"${PODS_PODFILE_DIR_PATH}/Podfile.lock\" \"${PODS_ROOT}/Manifest.lock\" > /dev/null\nif [ $? != 0 ] ; then\n    # print error to STDERR\n    echo \"error: The sandbox is not in sync with the Podfile.lock. Run 'pod install' or update your CocoaPods installation.\" >&2\n    exit 1\nfi\n# This output is used by Xcode 'outputs' to avoid re-running this script phase.\necho \"SUCCESS\" > \"${SCRIPT_OUTPUT_FILE_0}\"\n";
			showEnvVarsInLog = 0;
		};
		8978A039642240129207158B /* [CP] Embed Pods Frameworks */ = {
			isa = PBXShellScriptBuildPhase;
			buildActionMask = 2147483647;
			files = (
			);
			inputPaths = (
				"${SRCROOT}/Pods/Target Support Files/Pods-KOControlsExample/Pods-KOControlsExample-frameworks.sh",
				"${BUILT_PRODUCTS_DIR}/IQKeyboardManagerSwift/IQKeyboardManagerSwift.framework",
			);
			name = "[CP] Embed Pods Frameworks";
			outputPaths = (
				"${TARGET_BUILD_DIR}/${FRAMEWORKS_FOLDER_PATH}/IQKeyboardManagerSwift.framework",
			);
			runOnlyForDeploymentPostprocessing = 0;
			shellPath = /bin/sh;
			shellScript = "\"${SRCROOT}/Pods/Target Support Files/Pods-KOControlsExample/Pods-KOControlsExample-frameworks.sh\"\n";
			showEnvVarsInLog = 0;
		};
/* End PBXShellScriptBuildPhase section */

/* Begin PBXSourcesBuildPhase section */
		053ED25921162FAB0016ABC4 /* Sources */ = {
			isa = PBXSourcesBuildPhase;
			buildActionMask = 2147483647;
			files = (
				053ED286211632AD0016ABC4 /* TextFieldsViewController.swift in Sources */,
				053ED26121162FAB0016ABC4 /* AppDelegate.swift in Sources */,
				059C740F2153864800422E73 /* CountryModel.swift in Sources */,
				05CCFDD321256BE800208BD5 /* ScrollOffsetProgressViewController.swift in Sources */,
				05191DC1215A237000C45D14 /* CountryCollectionsController.swift in Sources */,
				059C74142153870400422E73 /* CountryTableViewCell.swift in Sources */,
				053ED281211631B10016ABC4 /* MenuViewController.swift in Sources */,
				05DC48AE2124AEBF00D0E7F6 /* PresentationQueueViewController.swift in Sources */,
				05CBB2BC213D311F00EE6264 /* PickerViewController.swift in Sources */,
				058529562150DD7400FA36DE /* AppSettings.swift in Sources */,
				053ED28A211632EA0016ABC4 /* MenuItemTypes.swift in Sources */,
				05A7769E2154E935007FC401 /* CountryCollectionViewCell.swift in Sources */,
			);
			runOnlyForDeploymentPostprocessing = 0;
		};
/* End PBXSourcesBuildPhase section */

/* Begin PBXVariantGroup section */
		053ED26921162FAC0016ABC4 /* LaunchScreen.storyboard */ = {
			isa = PBXVariantGroup;
			children = (
				053ED26A21162FAC0016ABC4 /* Base */,
			);
			name = LaunchScreen.storyboard;
			sourceTree = "<group>";
		};
/* End PBXVariantGroup section */

/* Begin XCBuildConfiguration section */
		053ED26D21162FAC0016ABC4 /* Debug */ = {
			isa = XCBuildConfiguration;
			buildSettings = {
				ALWAYS_SEARCH_USER_PATHS = NO;
				CLANG_ANALYZER_NONNULL = YES;
				CLANG_ANALYZER_NUMBER_OBJECT_CONVERSION = YES_AGGRESSIVE;
				CLANG_CXX_LANGUAGE_STANDARD = "gnu++14";
				CLANG_CXX_LIBRARY = "libc++";
				CLANG_ENABLE_MODULES = YES;
				CLANG_ENABLE_OBJC_ARC = YES;
				CLANG_ENABLE_OBJC_WEAK = YES;
				CLANG_WARN_BLOCK_CAPTURE_AUTORELEASING = YES;
				CLANG_WARN_BOOL_CONVERSION = YES;
				CLANG_WARN_COMMA = YES;
				CLANG_WARN_CONSTANT_CONVERSION = YES;
				CLANG_WARN_DEPRECATED_OBJC_IMPLEMENTATIONS = YES;
				CLANG_WARN_DIRECT_OBJC_ISA_USAGE = YES_ERROR;
				CLANG_WARN_DOCUMENTATION_COMMENTS = YES;
				CLANG_WARN_EMPTY_BODY = YES;
				CLANG_WARN_ENUM_CONVERSION = YES;
				CLANG_WARN_INFINITE_RECURSION = YES;
				CLANG_WARN_INT_CONVERSION = YES;
				CLANG_WARN_NON_LITERAL_NULL_CONVERSION = YES;
				CLANG_WARN_OBJC_IMPLICIT_RETAIN_SELF = YES;
				CLANG_WARN_OBJC_LITERAL_CONVERSION = YES;
				CLANG_WARN_OBJC_ROOT_CLASS = YES_ERROR;
				CLANG_WARN_RANGE_LOOP_ANALYSIS = YES;
				CLANG_WARN_STRICT_PROTOTYPES = YES;
				CLANG_WARN_SUSPICIOUS_MOVE = YES;
				CLANG_WARN_UNGUARDED_AVAILABILITY = YES_AGGRESSIVE;
				CLANG_WARN_UNREACHABLE_CODE = YES;
				CLANG_WARN__DUPLICATE_METHOD_MATCH = YES;
				CODE_SIGN_IDENTITY = "iPhone Developer";
				COPY_PHASE_STRIP = NO;
				DEBUG_INFORMATION_FORMAT = dwarf;
				ENABLE_STRICT_OBJC_MSGSEND = YES;
				ENABLE_TESTABILITY = YES;
				GCC_C_LANGUAGE_STANDARD = gnu11;
				GCC_DYNAMIC_NO_PIC = NO;
				GCC_NO_COMMON_BLOCKS = YES;
				GCC_OPTIMIZATION_LEVEL = 0;
				GCC_PREPROCESSOR_DEFINITIONS = (
					"DEBUG=1",
					"$(inherited)",
				);
				GCC_WARN_64_TO_32_BIT_CONVERSION = YES;
				GCC_WARN_ABOUT_RETURN_TYPE = YES_ERROR;
				GCC_WARN_UNDECLARED_SELECTOR = YES;
				GCC_WARN_UNINITIALIZED_AUTOS = YES_AGGRESSIVE;
				GCC_WARN_UNUSED_FUNCTION = YES;
				GCC_WARN_UNUSED_VARIABLE = YES;
				IPHONEOS_DEPLOYMENT_TARGET = 11.4;
				MTL_ENABLE_DEBUG_INFO = YES;
				ONLY_ACTIVE_ARCH = YES;
				SDKROOT = iphoneos;
				SWIFT_ACTIVE_COMPILATION_CONDITIONS = DEBUG;
				SWIFT_OPTIMIZATION_LEVEL = "-Onone";
			};
			name = Debug;
		};
		053ED26E21162FAC0016ABC4 /* Release */ = {
			isa = XCBuildConfiguration;
			buildSettings = {
				ALWAYS_SEARCH_USER_PATHS = NO;
				CLANG_ANALYZER_NONNULL = YES;
				CLANG_ANALYZER_NUMBER_OBJECT_CONVERSION = YES_AGGRESSIVE;
				CLANG_CXX_LANGUAGE_STANDARD = "gnu++14";
				CLANG_CXX_LIBRARY = "libc++";
				CLANG_ENABLE_MODULES = YES;
				CLANG_ENABLE_OBJC_ARC = YES;
				CLANG_ENABLE_OBJC_WEAK = YES;
				CLANG_WARN_BLOCK_CAPTURE_AUTORELEASING = YES;
				CLANG_WARN_BOOL_CONVERSION = YES;
				CLANG_WARN_COMMA = YES;
				CLANG_WARN_CONSTANT_CONVERSION = YES;
				CLANG_WARN_DEPRECATED_OBJC_IMPLEMENTATIONS = YES;
				CLANG_WARN_DIRECT_OBJC_ISA_USAGE = YES_ERROR;
				CLANG_WARN_DOCUMENTATION_COMMENTS = YES;
				CLANG_WARN_EMPTY_BODY = YES;
				CLANG_WARN_ENUM_CONVERSION = YES;
				CLANG_WARN_INFINITE_RECURSION = YES;
				CLANG_WARN_INT_CONVERSION = YES;
				CLANG_WARN_NON_LITERAL_NULL_CONVERSION = YES;
				CLANG_WARN_OBJC_IMPLICIT_RETAIN_SELF = YES;
				CLANG_WARN_OBJC_LITERAL_CONVERSION = YES;
				CLANG_WARN_OBJC_ROOT_CLASS = YES_ERROR;
				CLANG_WARN_RANGE_LOOP_ANALYSIS = YES;
				CLANG_WARN_STRICT_PROTOTYPES = YES;
				CLANG_WARN_SUSPICIOUS_MOVE = YES;
				CLANG_WARN_UNGUARDED_AVAILABILITY = YES_AGGRESSIVE;
				CLANG_WARN_UNREACHABLE_CODE = YES;
				CLANG_WARN__DUPLICATE_METHOD_MATCH = YES;
				CODE_SIGN_IDENTITY = "iPhone Developer";
				COPY_PHASE_STRIP = NO;
				DEBUG_INFORMATION_FORMAT = "dwarf-with-dsym";
				ENABLE_NS_ASSERTIONS = NO;
				ENABLE_STRICT_OBJC_MSGSEND = YES;
				GCC_C_LANGUAGE_STANDARD = gnu11;
				GCC_NO_COMMON_BLOCKS = YES;
				GCC_WARN_64_TO_32_BIT_CONVERSION = YES;
				GCC_WARN_ABOUT_RETURN_TYPE = YES_ERROR;
				GCC_WARN_UNDECLARED_SELECTOR = YES;
				GCC_WARN_UNINITIALIZED_AUTOS = YES_AGGRESSIVE;
				GCC_WARN_UNUSED_FUNCTION = YES;
				GCC_WARN_UNUSED_VARIABLE = YES;
				IPHONEOS_DEPLOYMENT_TARGET = 11.4;
				MTL_ENABLE_DEBUG_INFO = NO;
				SDKROOT = iphoneos;
				SWIFT_COMPILATION_MODE = wholemodule;
				SWIFT_OPTIMIZATION_LEVEL = "-O";
				VALIDATE_PRODUCT = YES;
			};
			name = Release;
		};
		053ED27021162FAC0016ABC4 /* Debug */ = {
			isa = XCBuildConfiguration;
			baseConfigurationReference = 225CD39FF36CAF788AEED0CF /* Pods-KOControlsExample.debug.xcconfig */;
			buildSettings = {
				ASSETCATALOG_COMPILER_APPICON_NAME = AppIcon;
				CODE_SIGN_STYLE = Automatic;
				DEVELOPMENT_TEAM = "";
				INFOPLIST_FILE = KOControlsExample/Info.plist;
				IPHONEOS_DEPLOYMENT_TARGET = 10.0;
				LD_RUNPATH_SEARCH_PATHS = (
					"$(inherited)",
					"@executable_path/Frameworks",
				);
				PRODUCT_BUNDLE_IDENTIFIER = pl.KO.KOControlsExample;
				PRODUCT_NAME = "$(TARGET_NAME)";
				SWIFT_VERSION = 4.2;
				TARGETED_DEVICE_FAMILY = "1,2";
			};
			name = Debug;
		};
		053ED27121162FAC0016ABC4 /* Release */ = {
			isa = XCBuildConfiguration;
			baseConfigurationReference = AB2D0AEFF12A205491FE6B09 /* Pods-KOControlsExample.release.xcconfig */;
			buildSettings = {
				ASSETCATALOG_COMPILER_APPICON_NAME = AppIcon;
				CODE_SIGN_STYLE = Automatic;
				DEVELOPMENT_TEAM = "";
				INFOPLIST_FILE = KOControlsExample/Info.plist;
				IPHONEOS_DEPLOYMENT_TARGET = 10.0;
				LD_RUNPATH_SEARCH_PATHS = (
					"$(inherited)",
					"@executable_path/Frameworks",
				);
				PRODUCT_BUNDLE_IDENTIFIER = pl.KO.KOControlsExample;
				PRODUCT_NAME = "$(TARGET_NAME)";
				SWIFT_VERSION = 4.2;
				TARGETED_DEVICE_FAMILY = "1,2";
			};
			name = Release;
		};
/* End XCBuildConfiguration section */

/* Begin XCConfigurationList section */
		053ED25821162FAB0016ABC4 /* Build configuration list for PBXProject "KOControlsExample" */ = {
			isa = XCConfigurationList;
			buildConfigurations = (
				053ED26D21162FAC0016ABC4 /* Debug */,
				053ED26E21162FAC0016ABC4 /* Release */,
			);
			defaultConfigurationIsVisible = 0;
			defaultConfigurationName = Release;
		};
		053ED26F21162FAC0016ABC4 /* Build configuration list for PBXNativeTarget "KOControlsExample" */ = {
			isa = XCConfigurationList;
			buildConfigurations = (
				053ED27021162FAC0016ABC4 /* Debug */,
				053ED27121162FAC0016ABC4 /* Release */,
			);
			defaultConfigurationIsVisible = 0;
			defaultConfigurationName = Release;
		};
/* End XCConfigurationList section */
	};
	rootObject = 053ED25521162FAB0016ABC4 /* Project object */;
}
